
Microsoft Visual Studio Solution File, Format Version 12.00
# Visual Studio 15
VisualStudioVersion = 15.0.26228.9
MinimumVisualStudioVersion = 10.0.40219.1
Project("{FAE04EC0-301F-11D3-BF4B-00C04F79EFBC}") = "XamarinToDoListApp.Android", "XamarinToDoListApp\XamarinToDoListApp.Android\XamarinToDoListApp.Android.csproj", "{5874E3D3-FFE2-4C9E-9801-2C6674056C52}"
EndProject
Project("{FAE04EC0-301F-11D3-BF4B-00C04F79EFBC}") = "XamarinToDoListApp", "XamarinToDoListApp\XamarinToDoListApp\XamarinToDoListApp.csproj", "{F9FA86A3-87FB-4FCB-8A24-0697E8D7F970}"
EndProject
Project("{FAE04EC0-301F-11D3-BF4B-00C04F79EFBC}") = "XamarinToDoListApp.UWP", "XamarinToDoListApp\XamarinToDoListApp.UWP\XamarinToDoListApp.UWP.csproj", "{A0A3328F-0CC5-46A6-A481-49BA621C461E}"
EndProject
Project("{FAE04EC0-301F-11D3-BF4B-00C04F79EFBC}") = "XamarinToDoListApp.iOS", "XamarinToDoListApp\XamarinToDoListApp.iOS\XamarinToDoListApp.iOS.csproj", "{390918B2-1365-4D67-A1CF-C9E01FABD73C}"
EndProject
Global
	GlobalSection(SolutionConfigurationPlatforms) = preSolution
		Ad-Hoc|Any CPU = Ad-Hoc|Any CPU
		Ad-Hoc|ARM = Ad-Hoc|ARM
		Ad-Hoc|iPhone = Ad-Hoc|iPhone
		Ad-Hoc|iPhoneSimulator = Ad-Hoc|iPhoneSimulator
		Ad-Hoc|x64 = Ad-Hoc|x64
		Ad-Hoc|x86 = Ad-Hoc|x86
		AppStore|Any CPU = AppStore|Any CPU
		AppStore|ARM = AppStore|ARM
		AppStore|iPhone = AppStore|iPhone
		AppStore|iPhoneSimulator = AppStore|iPhoneSimulator
		AppStore|x64 = AppStore|x64
		AppStore|x86 = AppStore|x86
		Debug|Any CPU = Debug|Any CPU
		Debug|ARM = Debug|ARM
		Debug|iPhone = Debug|iPhone
		Debug|iPhoneSimulator = Debug|iPhoneSimulator
		Debug|x64 = Debug|x64
		Debug|x86 = Debug|x86
		Release|Any CPU = Release|Any CPU
		Release|ARM = Release|ARM
		Release|iPhone = Release|iPhone
		Release|iPhoneSimulator = Release|iPhoneSimulator
		Release|x64 = Release|x64
		Release|x86 = Release|x86
	EndGlobalSection
	GlobalSection(ProjectConfigurationPlatforms) = postSolution
		{5874E3D3-FFE2-4C9E-9801-2C6674056C52}.Ad-Hoc|Any CPU.ActiveCfg = Release|Any CPU
		{5874E3D3-FFE2-4C9E-9801-2C6674056C52}.Ad-Hoc|Any CPU.Build.0 = Release|Any CPU
		{5874E3D3-FFE2-4C9E-9801-2C6674056C52}.Ad-Hoc|Any CPU.Deploy.0 = Release|Any CPU
		{5874E3D3-FFE2-4C9E-9801-2C6674056C52}.Ad-Hoc|ARM.ActiveCfg = Release|Any CPU
		{5874E3D3-FFE2-4C9E-9801-2C6674056C52}.Ad-Hoc|ARM.Build.0 = Release|Any CPU
		{5874E3D3-FFE2-4C9E-9801-2C6674056C52}.Ad-Hoc|ARM.Deploy.0 = Release|Any CPU
		{5874E3D3-FFE2-4C9E-9801-2C6674056C52}.Ad-Hoc|iPhone.ActiveCfg = Release|Any CPU
		{5874E3D3-FFE2-4C9E-9801-2C6674056C52}.Ad-Hoc|iPhone.Build.0 = Release|Any CPU
		{5874E3D3-FFE2-4C9E-9801-2C6674056C52}.Ad-Hoc|iPhone.Deploy.0 = Release|Any CPU
		{5874E3D3-FFE2-4C9E-9801-2C6674056C52}.Ad-Hoc|iPhoneSimulator.ActiveCfg = Release|Any CPU
		{5874E3D3-FFE2-4C9E-9801-2C6674056C52}.Ad-Hoc|iPhoneSimulator.Build.0 = Release|Any CPU
		{5874E3D3-FFE2-4C9E-9801-2C6674056C52}.Ad-Hoc|iPhoneSimulator.Deploy.0 = Release|Any CPU
		{5874E3D3-FFE2-4C9E-9801-2C6674056C52}.Ad-Hoc|x64.ActiveCfg = Release|Any CPU
		{5874E3D3-FFE2-4C9E-9801-2C6674056C52}.Ad-Hoc|x64.Build.0 = Release|Any CPU
		{5874E3D3-FFE2-4C9E-9801-2C6674056C52}.Ad-Hoc|x64.Deploy.0 = Release|Any CPU
		{5874E3D3-FFE2-4C9E-9801-2C6674056C52}.Ad-Hoc|x86.ActiveCfg = Release|Any CPU
		{5874E3D3-FFE2-4C9E-9801-2C6674056C52}.Ad-Hoc|x86.Build.0 = Release|Any CPU
		{5874E3D3-FFE2-4C9E-9801-2C6674056C52}.Ad-Hoc|x86.Deploy.0 = Release|Any CPU
		{5874E3D3-FFE2-4C9E-9801-2C6674056C52}.AppStore|Any CPU.ActiveCfg = Release|Any CPU
		{5874E3D3-FFE2-4C9E-9801-2C6674056C52}.AppStore|Any CPU.Build.0 = Release|Any CPU
		{5874E3D3-FFE2-4C9E-9801-2C6674056C52}.AppStore|Any CPU.Deploy.0 = Release|Any CPU
		{5874E3D3-FFE2-4C9E-9801-2C6674056C52}.AppStore|ARM.ActiveCfg = Release|Any CPU
		{5874E3D3-FFE2-4C9E-9801-2C6674056C52}.AppStore|ARM.Build.0 = Release|Any CPU
		{5874E3D3-FFE2-4C9E-9801-2C6674056C52}.AppStore|ARM.Deploy.0 = Release|Any CPU
		{5874E3D3-FFE2-4C9E-9801-2C6674056C52}.AppStore|iPhone.ActiveCfg = Release|Any CPU
		{5874E3D3-FFE2-4C9E-9801-2C6674056C52}.AppStore|iPhone.Build.0 = Release|Any CPU
		{5874E3D3-FFE2-4C9E-9801-2C6674056C52}.AppStore|iPhone.Deploy.0 = Release|Any CPU
		{5874E3D3-FFE2-4C9E-9801-2C6674056C52}.AppStore|iPhoneSimulator.ActiveCfg = Release|Any CPU
		{5874E3D3-FFE2-4C9E-9801-2C6674056C52}.AppStore|iPhoneSimulator.Build.0 = Release|Any CPU
		{5874E3D3-FFE2-4C9E-9801-2C6674056C52}.AppStore|iPhoneSimulator.Deploy.0 = Release|Any CPU
		{5874E3D3-FFE2-4C9E-9801-2C6674056C52}.AppStore|x64.ActiveCfg = Release|Any CPU
		{5874E3D3-FFE2-4C9E-9801-2C6674056C52}.AppStore|x64.Build.0 = Release|Any CPU
		{5874E3D3-FFE2-4C9E-9801-2C6674056C52}.AppStore|x64.Deploy.0 = Release|Any CPU
		{5874E3D3-FFE2-4C9E-9801-2C6674056C52}.AppStore|x86.ActiveCfg = Release|Any CPU
		{5874E3D3-FFE2-4C9E-9801-2C6674056C52}.AppStore|x86.Build.0 = Release|Any CPU
		{5874E3D3-FFE2-4C9E-9801-2C6674056C52}.AppStore|x86.Deploy.0 = Release|Any CPU
		{5874E3D3-FFE2-4C9E-9801-2C6674056C52}.Debug|Any CPU.ActiveCfg = Debug|Any CPU
		{5874E3D3-FFE2-4C9E-9801-2C6674056C52}.Debug|Any CPU.Build.0 = Debug|Any CPU
		{5874E3D3-FFE2-4C9E-9801-2C6674056C52}.Debug|Any CPU.Deploy.0 = Debug|Any CPU
		{5874E3D3-FFE2-4C9E-9801-2C6674056C52}.Debug|ARM.ActiveCfg = Debug|Any CPU
		{5874E3D3-FFE2-4C9E-9801-2C6674056C52}.Debug|ARM.Build.0 = Debug|Any CPU
		{5874E3D3-FFE2-4C9E-9801-2C6674056C52}.Debug|ARM.Deploy.0 = Debug|Any CPU
		{5874E3D3-FFE2-4C9E-9801-2C6674056C52}.Debug|iPhone.ActiveCfg = Debug|Any CPU
		{5874E3D3-FFE2-4C9E-9801-2C6674056C52}.Debug|iPhone.Build.0 = Debug|Any CPU
		{5874E3D3-FFE2-4C9E-9801-2C6674056C52}.Debug|iPhone.Deploy.0 = Debug|Any CPU
		{5874E3D3-FFE2-4C9E-9801-2C6674056C52}.Debug|iPhoneSimulator.ActiveCfg = Debug|Any CPU
		{5874E3D3-FFE2-4C9E-9801-2C6674056C52}.Debug|iPhoneSimulator.Build.0 = Debug|Any CPU
		{5874E3D3-FFE2-4C9E-9801-2C6674056C52}.Debug|iPhoneSimulator.Deploy.0 = Debug|Any CPU
		{5874E3D3-FFE2-4C9E-9801-2C6674056C52}.Debug|x64.ActiveCfg = Debug|Any CPU
		{5874E3D3-FFE2-4C9E-9801-2C6674056C52}.Debug|x64.Build.0 = Debug|Any CPU
		{5874E3D3-FFE2-4C9E-9801-2C6674056C52}.Debug|x64.Deploy.0 = Debug|Any CPU
		{5874E3D3-FFE2-4C9E-9801-2C6674056C52}.Debug|x86.ActiveCfg = Debug|Any CPU
		{5874E3D3-FFE2-4C9E-9801-2C6674056C52}.Debug|x86.Build.0 = Debug|Any CPU
		{5874E3D3-FFE2-4C9E-9801-2C6674056C52}.Debug|x86.Deploy.0 = Debug|Any CPU
		{5874E3D3-FFE2-4C9E-9801-2C6674056C52}.Release|Any CPU.ActiveCfg = Release|Any CPU
		{5874E3D3-FFE2-4C9E-9801-2C6674056C52}.Release|Any CPU.Build.0 = Release|Any CPU
		{5874E3D3-FFE2-4C9E-9801-2C6674056C52}.Release|Any CPU.Deploy.0 = Release|Any CPU
		{5874E3D3-FFE2-4C9E-9801-2C6674056C52}.Release|ARM.ActiveCfg = Release|Any CPU
		{5874E3D3-FFE2-4C9E-9801-2C6674056C52}.Release|ARM.Build.0 = Release|Any CPU
		{5874E3D3-FFE2-4C9E-9801-2C6674056C52}.Release|ARM.Deploy.0 = Release|Any CPU
		{5874E3D3-FFE2-4C9E-9801-2C6674056C52}.Release|iPhone.ActiveCfg = Release|Any CPU
		{5874E3D3-FFE2-4C9E-9801-2C6674056C52}.Release|iPhone.Build.0 = Release|Any CPU
		{5874E3D3-FFE2-4C9E-9801-2C6674056C52}.Release|iPhone.Deploy.0 = Release|Any CPU
		{5874E3D3-FFE2-4C9E-9801-2C6674056C52}.Release|iPhoneSimulator.ActiveCfg = Release|Any CPU
		{5874E3D3-FFE2-4C9E-9801-2C6674056C52}.Release|iPhoneSimulator.Build.0 = Release|Any CPU
		{5874E3D3-FFE2-4C9E-9801-2C6674056C52}.Release|iPhoneSimulator.Deploy.0 = Release|Any CPU
		{5874E3D3-FFE2-4C9E-9801-2C6674056C52}.Release|x64.ActiveCfg = Release|Any CPU
		{5874E3D3-FFE2-4C9E-9801-2C6674056C52}.Release|x64.Build.0 = Release|Any CPU
		{5874E3D3-FFE2-4C9E-9801-2C6674056C52}.Release|x64.Deploy.0 = Release|Any CPU
		{5874E3D3-FFE2-4C9E-9801-2C6674056C52}.Release|x86.ActiveCfg = Release|Any CPU
		{5874E3D3-FFE2-4C9E-9801-2C6674056C52}.Release|x86.Build.0 = Release|Any CPU
		{5874E3D3-FFE2-4C9E-9801-2C6674056C52}.Release|x86.Deploy.0 = Release|Any CPU
		{F9FA86A3-87FB-4FCB-8A24-0697E8D7F970}.Ad-Hoc|Any CPU.ActiveCfg = Release|Any CPU
		{F9FA86A3-87FB-4FCB-8A24-0697E8D7F970}.Ad-Hoc|Any CPU.Build.0 = Release|Any CPU
		{F9FA86A3-87FB-4FCB-8A24-0697E8D7F970}.Ad-Hoc|ARM.ActiveCfg = Release|Any CPU
		{F9FA86A3-87FB-4FCB-8A24-0697E8D7F970}.Ad-Hoc|ARM.Build.0 = Release|Any CPU
		{F9FA86A3-87FB-4FCB-8A24-0697E8D7F970}.Ad-Hoc|iPhone.ActiveCfg = Release|Any CPU
		{F9FA86A3-87FB-4FCB-8A24-0697E8D7F970}.Ad-Hoc|iPhone.Build.0 = Release|Any CPU
		{F9FA86A3-87FB-4FCB-8A24-0697E8D7F970}.Ad-Hoc|iPhoneSimulator.ActiveCfg = Release|Any CPU
		{F9FA86A3-87FB-4FCB-8A24-0697E8D7F970}.Ad-Hoc|iPhoneSimulator.Build.0 = Release|Any CPU
		{F9FA86A3-87FB-4FCB-8A24-0697E8D7F970}.Ad-Hoc|x64.ActiveCfg = Release|Any CPU
		{F9FA86A3-87FB-4FCB-8A24-0697E8D7F970}.Ad-Hoc|x64.Build.0 = Release|Any CPU
		{F9FA86A3-87FB-4FCB-8A24-0697E8D7F970}.Ad-Hoc|x86.ActiveCfg = Release|Any CPU
		{F9FA86A3-87FB-4FCB-8A24-0697E8D7F970}.Ad-Hoc|x86.Build.0 = Release|Any CPU
		{F9FA86A3-87FB-4FCB-8A24-0697E8D7F970}.AppStore|Any CPU.ActiveCfg = Release|Any CPU
		{F9FA86A3-87FB-4FCB-8A24-0697E8D7F970}.AppStore|Any CPU.Build.0 = Release|Any CPU
		{F9FA86A3-87FB-4FCB-8A24-0697E8D7F970}.AppStore|ARM.ActiveCfg = Release|Any CPU
		{F9FA86A3-87FB-4FCB-8A24-0697E8D7F970}.AppStore|ARM.Build.0 = Release|Any CPU
		{F9FA86A3-87FB-4FCB-8A24-0697E8D7F970}.AppStore|iPhone.ActiveCfg = Release|Any CPU
		{F9FA86A3-87FB-4FCB-8A24-0697E8D7F970}.AppStore|iPhone.Build.0 = Release|Any CPU
		{F9FA86A3-87FB-4FCB-8A24-0697E8D7F970}.AppStore|iPhoneSimulator.ActiveCfg = Release|Any CPU
		{F9FA86A3-87FB-4FCB-8A24-0697E8D7F970}.AppStore|iPhoneSimulator.Build.0 = Release|Any CPU
		{F9FA86A3-87FB-4FCB-8A24-0697E8D7F970}.AppStore|x64.ActiveCfg = Release|Any CPU
		{F9FA86A3-87FB-4FCB-8A24-0697E8D7F970}.AppStore|x64.Build.0 = Release|Any CPU
		{F9FA86A3-87FB-4FCB-8A24-0697E8D7F970}.AppStore|x86.ActiveCfg = Release|Any CPU
		{F9FA86A3-87FB-4FCB-8A24-0697E8D7F970}.AppStore|x86.Build.0 = Release|Any CPU
		{F9FA86A3-87FB-4FCB-8A24-0697E8D7F970}.Debug|Any CPU.ActiveCfg = Debug|Any CPU
		{F9FA86A3-87FB-4FCB-8A24-0697E8D7F970}.Debug|Any CPU.Build.0 = Debug|Any CPU
		{F9FA86A3-87FB-4FCB-8A24-0697E8D7F970}.Debug|ARM.ActiveCfg = Debug|Any CPU
		{F9FA86A3-87FB-4FCB-8A24-0697E8D7F970}.Debug|ARM.Build.0 = Debug|Any CPU
		{F9FA86A3-87FB-4FCB-8A24-0697E8D7F970}.Debug|iPhone.ActiveCfg = Debug|Any CPU
		{F9FA86A3-87FB-4FCB-8A24-0697E8D7F970}.Debug|iPhone.Build.0 = Debug|Any CPU
		{F9FA86A3-87FB-4FCB-8A24-0697E8D7F970}.Debug|iPhoneSimulator.ActiveCfg = Debug|Any CPU
		{F9FA86A3-87FB-4FCB-8A24-0697E8D7F970}.Debug|iPhoneSimulator.Build.0 = Debug|Any CPU
		{F9FA86A3-87FB-4FCB-8A24-0697E8D7F970}.Debug|x64.ActiveCfg = Debug|Any CPU
		{F9FA86A3-87FB-4FCB-8A24-0697E8D7F970}.Debug|x64.Build.0 = Debug|Any CPU
		{F9FA86A3-87FB-4FCB-8A24-0697E8D7F970}.Debug|x86.ActiveCfg = Debug|Any CPU
		{F9FA86A3-87FB-4FCB-8A24-0697E8D7F970}.Debug|x86.Build.0 = Debug|Any CPU
		{F9FA86A3-87FB-4FCB-8A24-0697E8D7F970}.Release|Any CPU.ActiveCfg = Release|Any CPU
		{F9FA86A3-87FB-4FCB-8A24-0697E8D7F970}.Release|Any CPU.Build.0 = Release|Any CPU
		{F9FA86A3-87FB-4FCB-8A24-0697E8D7F970}.Release|ARM.ActiveCfg = Release|Any CPU
		{F9FA86A3-87FB-4FCB-8A24-0697E8D7F970}.Release|ARM.Build.0 = Release|Any CPU
		{F9FA86A3-87FB-4FCB-8A24-0697E8D7F970}.Release|iPhone.ActiveCfg = Release|Any CPU
		{F9FA86A3-87FB-4FCB-8A24-0697E8D7F970}.Release|iPhone.Build.0 = Release|Any CPU
		{F9FA86A3-87FB-4FCB-8A24-0697E8D7F970}.Release|iPhoneSimulator.ActiveCfg = Release|Any CPU
		{F9FA86A3-87FB-4FCB-8A24-0697E8D7F970}.Release|iPhoneSimulator.Build.0 = Release|Any CPU
		{F9FA86A3-87FB-4FCB-8A24-0697E8D7F970}.Release|x64.ActiveCfg = Release|Any CPU
		{F9FA86A3-87FB-4FCB-8A24-0697E8D7F970}.Release|x64.Build.0 = Release|Any CPU
		{F9FA86A3-87FB-4FCB-8A24-0697E8D7F970}.Release|x86.ActiveCfg = Release|Any CPU
		{F9FA86A3-87FB-4FCB-8A24-0697E8D7F970}.Release|x86.Build.0 = Release|Any CPU
		{A0A3328F-0CC5-46A6-A481-49BA621C461E}.Ad-Hoc|Any CPU.ActiveCfg = Release|x86
		{A0A3328F-0CC5-46A6-A481-49BA621C461E}.Ad-Hoc|Any CPU.Build.0 = Release|x86
		{A0A3328F-0CC5-46A6-A481-49BA621C461E}.Ad-Hoc|Any CPU.Deploy.0 = Release|x86
		{A0A3328F-0CC5-46A6-A481-49BA621C461E}.Ad-Hoc|ARM.ActiveCfg = Release|ARM
		{A0A3328F-0CC5-46A6-A481-49BA621C461E}.Ad-Hoc|ARM.Build.0 = Release|ARM
		{A0A3328F-0CC5-46A6-A481-49BA621C461E}.Ad-Hoc|ARM.Deploy.0 = Release|ARM
		{A0A3328F-0CC5-46A6-A481-49BA621C461E}.Ad-Hoc|iPhone.ActiveCfg = Release|x86
		{A0A3328F-0CC5-46A6-A481-49BA621C461E}.Ad-Hoc|iPhone.Build.0 = Release|x86
		{A0A3328F-0CC5-46A6-A481-49BA621C461E}.Ad-Hoc|iPhone.Deploy.0 = Release|x86
		{A0A3328F-0CC5-46A6-A481-49BA621C461E}.Ad-Hoc|iPhoneSimulator.ActiveCfg = Release|x86
		{A0A3328F-0CC5-46A6-A481-49BA621C461E}.Ad-Hoc|iPhoneSimulator.Build.0 = Release|x86
		{A0A3328F-0CC5-46A6-A481-49BA621C461E}.Ad-Hoc|iPhoneSimulator.Deploy.0 = Release|x86
		{A0A3328F-0CC5-46A6-A481-49BA621C461E}.Ad-Hoc|x64.ActiveCfg = Release|x64
		{A0A3328F-0CC5-46A6-A481-49BA621C461E}.Ad-Hoc|x64.Build.0 = Release|x64
		{A0A3328F-0CC5-46A6-A481-49BA621C461E}.Ad-Hoc|x64.Deploy.0 = Release|x64
		{A0A3328F-0CC5-46A6-A481-49BA621C461E}.Ad-Hoc|x86.ActiveCfg = Release|x86
		{A0A3328F-0CC5-46A6-A481-49BA621C461E}.Ad-Hoc|x86.Build.0 = Release|x86
		{A0A3328F-0CC5-46A6-A481-49BA621C461E}.Ad-Hoc|x86.Deploy.0 = Release|x86
		{A0A3328F-0CC5-46A6-A481-49BA621C461E}.AppStore|Any CPU.ActiveCfg = Release|x86
		{A0A3328F-0CC5-46A6-A481-49BA621C461E}.AppStore|Any CPU.Build.0 = Release|x86
		{A0A3328F-0CC5-46A6-A481-49BA621C461E}.AppStore|Any CPU.Deploy.0 = Release|x86
		{A0A3328F-0CC5-46A6-A481-49BA621C461E}.AppStore|ARM.ActiveCfg = Release|ARM
		{A0A3328F-0CC5-46A6-A481-49BA621C461E}.AppStore|ARM.Build.0 = Release|ARM
		{A0A3328F-0CC5-46A6-A481-49BA621C461E}.AppStore|ARM.Deploy.0 = Release|ARM
		{A0A3328F-0CC5-46A6-A481-49BA621C461E}.AppStore|iPhone.ActiveCfg = Release|x86
		{A0A3328F-0CC5-46A6-A481-49BA621C461E}.AppStore|iPhone.Build.0 = Release|x86
		{A0A3328F-0CC5-46A6-A481-49BA621C461E}.AppStore|iPhone.Deploy.0 = Release|x86
		{A0A3328F-0CC5-46A6-A481-49BA621C461E}.AppStore|iPhoneSimulator.ActiveCfg = Release|x86
		{A0A3328F-0CC5-46A6-A481-49BA621C461E}.AppStore|iPhoneSimulator.Build.0 = Release|x86
		{A0A3328F-0CC5-46A6-A481-49BA621C461E}.AppStore|iPhoneSimulator.Deploy.0 = Release|x86
		{A0A3328F-0CC5-46A6-A481-49BA621C461E}.AppStore|x64.ActiveCfg = Release|x64
		{A0A3328F-0CC5-46A6-A481-49BA621C461E}.AppStore|x64.Build.0 = Release|x64
		{A0A3328F-0CC5-46A6-A481-49BA621C461E}.AppStore|x64.Deploy.0 = Release|x64
		{A0A3328F-0CC5-46A6-A481-49BA621C461E}.AppStore|x86.ActiveCfg = Release|x86
		{A0A3328F-0CC5-46A6-A481-49BA621C461E}.AppStore|x86.Build.0 = Release|x86
		{A0A3328F-0CC5-46A6-A481-49BA621C461E}.AppStore|x86.Deploy.0 = Release|x86
		{A0A3328F-0CC5-46A6-A481-49BA621C461E}.Debug|Any CPU.ActiveCfg = Debug|x86
		{A0A3328F-0CC5-46A6-A481-49BA621C461E}.Debug|ARM.ActiveCfg = Debug|ARM
		{A0A3328F-0CC5-46A6-A481-49BA621C461E}.Debug|ARM.Build.0 = Debug|ARM
		{A0A3328F-0CC5-46A6-A481-49BA621C461E}.Debug|ARM.Deploy.0 = Debug|ARM
		{A0A3328F-0CC5-46A6-A481-49BA621C461E}.Debug|iPhone.ActiveCfg = Debug|x86
		{A0A3328F-0CC5-46A6-A481-49BA621C461E}.Debug|iPhoneSimulator.ActiveCfg = Debug|x86
		{A0A3328F-0CC5-46A6-A481-49BA621C461E}.Debug|x64.ActiveCfg = Debug|x64
		{A0A3328F-0CC5-46A6-A481-49BA621C461E}.Debug|x64.Build.0 = Debug|x64
		{A0A3328F-0CC5-46A6-A481-49BA621C461E}.Debug|x64.Deploy.0 = Debug|x64
		{A0A3328F-0CC5-46A6-A481-49BA621C461E}.Debug|x86.ActiveCfg = Debug|x86
		{A0A3328F-0CC5-46A6-A481-49BA621C461E}.Debug|x86.Build.0 = Debug|x86
		{A0A3328F-0CC5-46A6-A481-49BA621C461E}.Debug|x86.Deploy.0 = Debug|x86
		{A0A3328F-0CC5-46A6-A481-49BA621C461E}.Release|Any CPU.ActiveCfg = Release|x86
		{A0A3328F-0CC5-46A6-A481-49BA621C461E}.Release|ARM.ActiveCfg = Release|ARM
		{A0A3328F-0CC5-46A6-A481-49BA621C461E}.Release|ARM.Build.0 = Release|ARM
		{A0A3328F-0CC5-46A6-A481-49BA621C461E}.Release|ARM.Deploy.0 = Release|ARM
		{A0A3328F-0CC5-46A6-A481-49BA621C461E}.Release|iPhone.ActiveCfg = Release|x86
		{A0A3328F-0CC5-46A6-A481-49BA621C461E}.Release|iPhoneSimulator.ActiveCfg = Release|x86
		{A0A3328F-0CC5-46A6-A481-49BA621C461E}.Release|x64.ActiveCfg = Release|x64
		{A0A3328F-0CC5-46A6-A481-49BA621C461E}.Release|x64.Build.0 = Release|x64
		{A0A3328F-0CC5-46A6-A481-49BA621C461E}.Release|x64.Deploy.0 = Release|x64
		{A0A3328F-0CC5-46A6-A481-49BA621C461E}.Release|x86.ActiveCfg = Release|x86
		{A0A3328F-0CC5-46A6-A481-49BA621C461E}.Release|x86.Build.0 = Release|x86
		{A0A3328F-0CC5-46A6-A481-49BA621C461E}.Release|x86.Deploy.0 = Release|x86
		{390918B2-1365-4D67-A1CF-C9E01FABD73C}.Ad-Hoc|Any CPU.ActiveCfg = Ad-Hoc|iPhone
		{390918B2-1365-4D67-A1CF-C9E01FABD73C}.Ad-Hoc|ARM.ActiveCfg = Ad-Hoc|iPhone
		{390918B2-1365-4D67-A1CF-C9E01FABD73C}.Ad-Hoc|iPhone.ActiveCfg = Ad-Hoc|iPhone
		{390918B2-1365-4D67-A1CF-C9E01FABD73C}.Ad-Hoc|iPhone.Build.0 = Ad-Hoc|iPhone
		{390918B2-1365-4D67-A1CF-C9E01FABD73C}.Ad-Hoc|iPhoneSimulator.ActiveCfg = Ad-Hoc|iPhoneSimulator
		{390918B2-1365-4D67-A1CF-C9E01FABD73C}.Ad-Hoc|iPhoneSimulator.Build.0 = Ad-Hoc|iPhoneSimulator
		{390918B2-1365-4D67-A1CF-C9E01FABD73C}.Ad-Hoc|x64.ActiveCfg = Ad-Hoc|iPhone
		{390918B2-1365-4D67-A1CF-C9E01FABD73C}.Ad-Hoc|x86.ActiveCfg = Ad-Hoc|iPhone
		{390918B2-1365-4D67-A1CF-C9E01FABD73C}.AppStore|Any CPU.ActiveCfg = AppStore|iPhone
		{390918B2-1365-4D67-A1CF-C9E01FABD73C}.AppStore|ARM.ActiveCfg = AppStore|iPhone
		{390918B2-1365-4D67-A1CF-C9E01FABD73C}.AppStore|iPhone.ActiveCfg = AppStore|iPhone
		{390918B2-1365-4D67-A1CF-C9E01FABD73C}.AppStore|iPhone.Build.0 = AppStore|iPhone
		{390918B2-1365-4D67-A1CF-C9E01FABD73C}.AppStore|iPhoneSimulator.ActiveCfg = AppStore|iPhoneSimulator
		{390918B2-1365-4D67-A1CF-C9E01FABD73C}.AppStore|iPhoneSimulator.Build.0 = AppStore|iPhoneSimulator
		{390918B2-1365-4D67-A1CF-C9E01FABD73C}.AppStore|x64.ActiveCfg = AppStore|iPhone
		{390918B2-1365-4D67-A1CF-C9E01FABD73C}.AppStore|x86.ActiveCfg = AppStore|iPhone
		{390918B2-1365-4D67-A1CF-C9E01FABD73C}.Debug|Any CPU.ActiveCfg = Debug|iPhone
		{390918B2-1365-4D67-A1CF-C9E01FABD73C}.Debug|ARM.ActiveCfg = Debug|iPhone
		{390918B2-1365-4D67-A1CF-C9E01FABD73C}.Debug|iPhone.ActiveCfg = Debug|iPhone
		{390918B2-1365-4D67-A1CF-C9E01FABD73C}.Debug|iPhone.Build.0 = Debug|iPhone
		{390918B2-1365-4D67-A1CF-C9E01FABD73C}.Debug|iPhoneSimulator.ActiveCfg = Debug|iPhoneSimulator
		{390918B2-1365-4D67-A1CF-C9E01FABD73C}.Debug|iPhoneSimulator.Build.0 = Debug|iPhoneSimulator
		{390918B2-1365-4D67-A1CF-C9E01FABD73C}.Debug|x64.ActiveCfg = Debug|iPhone
		{390918B2-1365-4D67-A1CF-C9E01FABD73C}.Debug|x86.ActiveCfg = Debug|iPhone
		{390918B2-1365-4D67-A1CF-C9E01FABD73C}.Release|Any CPU.ActiveCfg = Release|iPhone
		{390918B2-1365-4D67-A1CF-C9E01FABD73C}.Release|ARM.ActiveCfg = Release|iPhone
		{390918B2-1365-4D67-A1CF-C9E01FABD73C}.Release|iPhone.ActiveCfg = Release|iPhone
		{390918B2-1365-4D67-A1CF-C9E01FABD73C}.Release|iPhone.Build.0 = Release|iPhone
		{390918B2-1365-4D67-A1CF-C9E01FABD73C}.Release|iPhoneSimulator.ActiveCfg = Release|iPhoneSimulator
		{390918B2-1365-4D67-A1CF-C9E01FABD73C}.Release|iPhoneSimulator.Build.0 = Release|iPhoneSimulator
		{390918B2-1365-4D67-A1CF-C9E01FABD73C}.Release|x64.ActiveCfg = Release|iPhone
		{390918B2-1365-4D67-A1CF-C9E01FABD73C}.Release|x86.ActiveCfg = Release|iPhone
	EndGlobalSection
	GlobalSection(SolutionProperties) = preSolution
		HideSolutionNode = FALSE
	EndGlobalSection
EndGlobal
